
Microsoft Visual Studio Solution File, Format Version 12.00
# Visual Studio Version 17
VisualStudioVersion = 17.2.32616.157
MinimumVisualStudioVersion = 10.0.40219.1
Project("{FAE04EC0-301F-11D3-BF4B-00C04F79EFBC}") = "2022.11.21_CSharp", "2022.11.21_CSharp\2022.11.21_CSharp.csproj", "{1AC14003-A807-488B-8AB5-109C01635010}"
EndProject
Project("{FAE04EC0-301F-11D3-BF4B-00C04F79EFBC}") = "T1", "T1\T1.csproj", "{42284C83-2501-4B41-92E8-200AFB326436}"
EndProject
Project("{FAE04EC0-301F-11D3-BF4B-00C04F79EFBC}") = "SolT1_1", "SolT1_1\SolT1_1.csproj", "{DDAD8F4F-A03C-4988-8E28-CA4877626FBA}"
EndProject
Project("{FAE04EC0-301F-11D3-BF4B-00C04F79EFBC}") = "SolT1_2", "SolT1_2\SolT1_2.csproj", "{7681426D-C0C8-42D1-B1B7-9EE0A0D9352D}"
EndProject
Project("{FAE04EC0-301F-11D3-BF4B-00C04F79EFBC}") = "P1", "P1\P1.csproj", "{26006F12-3E85-42CE-B7DD-DF76E41F244A}"
EndProject
Project("{FAE04EC0-301F-11D3-BF4B-00C04F79EFBC}") = "T2", "T2\T2.csproj", "{578DE393-ECA4-4EDB-AB83-1871B072B83F}"
EndProject
Project("{FAE04EC0-301F-11D3-BF4B-00C04F79EFBC}") = "SolT2", "SolT2\SolT2.csproj", "{14680D25-C6F8-4446-AACC-2F9037A0CEDF}"
EndProject
Project("{FAE04EC0-301F-11D3-BF4B-00C04F79EFBC}") = "T3", "T3\T3.csproj", "{C1098EA4-DE20-424B-8E30-D6D7B474B9E6}"
EndProject
Project("{FAE04EC0-301F-11D3-BF4B-00C04F79EFBC}") = "SolT3", "SolT3\SolT3.csproj", "{5579C773-6F90-4B4D-8F7E-57D35F65258D}"
EndProject
Project("{FAE04EC0-301F-11D3-BF4B-00C04F79EFBC}") = "P2", "P2\P2.csproj", "{293AA38C-6EF8-4848-878F-DF9C6306EB5C}"
EndProject
Project("{FAE04EC0-301F-11D3-BF4B-00C04F79EFBC}") = "T4", "T4\T4.csproj", "{B2374F42-4278-443D-BFF5-4C6149120774}"
EndProject
Global
	GlobalSection(SolutionConfigurationPlatforms) = preSolution
		Debug|Any CPU = Debug|Any CPU
		Release|Any CPU = Release|Any CPU
	EndGlobalSection
	GlobalSection(ProjectConfigurationPlatforms) = postSolution
		{1AC14003-A807-488B-8AB5-109C01635010}.Debug|Any CPU.ActiveCfg = Debug|Any CPU
		{1AC14003-A807-488B-8AB5-109C01635010}.Debug|Any CPU.Build.0 = Debug|Any CPU
		{1AC14003-A807-488B-8AB5-109C01635010}.Release|Any CPU.ActiveCfg = Release|Any CPU
		{1AC14003-A807-488B-8AB5-109C01635010}.Release|Any CPU.Build.0 = Release|Any CPU
		{42284C83-2501-4B41-92E8-200AFB326436}.Debug|Any CPU.ActiveCfg = Debug|Any CPU
		{42284C83-2501-4B41-92E8-200AFB326436}.Debug|Any CPU.Build.0 = Debug|Any CPU
		{42284C83-2501-4B41-92E8-200AFB326436}.Release|Any CPU.ActiveCfg = Release|Any CPU
		{42284C83-2501-4B41-92E8-200AFB326436}.Release|Any CPU.Build.0 = Release|Any CPU
		{DDAD8F4F-A03C-4988-8E28-CA4877626FBA}.Debug|Any CPU.ActiveCfg = Debug|Any CPU
		{DDAD8F4F-A03C-4988-8E28-CA4877626FBA}.Debug|Any CPU.Build.0 = Debug|Any CPU
		{DDAD8F4F-A03C-4988-8E28-CA4877626FBA}.Release|Any CPU.ActiveCfg = Release|Any CPU
		{DDAD8F4F-A03C-4988-8E28-CA4877626FBA}.Release|Any CPU.Build.0 = Release|Any CPU
		{7681426D-C0C8-42D1-B1B7-9EE0A0D9352D}.Debug|Any CPU.ActiveCfg = Debug|Any CPU
		{7681426D-C0C8-42D1-B1B7-9EE0A0D9352D}.Debug|Any CPU.Build.0 = Debug|Any CPU
		{7681426D-C0C8-42D1-B1B7-9EE0A0D9352D}.Release|Any CPU.ActiveCfg = Release|Any CPU
		{7681426D-C0C8-42D1-B1B7-9EE0A0D9352D}.Release|Any CPU.Build.0 = Release|Any CPU
		{26006F12-3E85-42CE-B7DD-DF76E41F244A}.Debug|Any CPU.ActiveCfg = Debug|Any CPU
		{26006F12-3E85-42CE-B7DD-DF76E41F244A}.Debug|Any CPU.Build.0 = Debug|Any CPU
		{26006F12-3E85-42CE-B7DD-DF76E41F244A}.Release|Any CPU.ActiveCfg = Release|Any CPU
		{26006F12-3E85-42CE-B7DD-DF76E41F244A}.Release|Any CPU.Build.0 = Release|Any CPU
		{578DE393-ECA4-4EDB-AB83-1871B072B83F}.Debug|Any CPU.ActiveCfg = Debug|Any CPU
		{578DE393-ECA4-4EDB-AB83-1871B072B83F}.Debug|Any CPU.Build.0 = Debug|Any CPU
		{578DE393-ECA4-4EDB-AB83-1871B072B83F}.Release|Any CPU.ActiveCfg = Release|Any CPU
		{578DE393-ECA4-4EDB-AB83-1871B072B83F}.Release|Any CPU.Build.0 = Release|Any CPU
		{14680D25-C6F8-4446-AACC-2F9037A0CEDF}.Debug|Any CPU.ActiveCfg = Debug|Any CPU
		{14680D25-C6F8-4446-AACC-2F9037A0CEDF}.Debug|Any CPU.Build.0 = Debug|Any CPU
		{14680D25-C6F8-4446-AACC-2F9037A0CEDF}.Release|Any CPU.ActiveCfg = Release|Any CPU
		{14680D25-C6F8-4446-AACC-2F9037A0CEDF}.Release|Any CPU.Build.0 = Release|Any CPU
		{C1098EA4-DE20-424B-8E30-D6D7B474B9E6}.Debug|Any CPU.ActiveCfg = Debug|Any CPU
		{C1098EA4-DE20-424B-8E30-D6D7B474B9E6}.Debug|Any CPU.Build.0 = Debug|Any CPU
		{C1098EA4-DE20-424B-8E30-D6D7B474B9E6}.Release|Any CPU.ActiveCfg = Release|Any CPU
		{C1098EA4-DE20-424B-8E30-D6D7B474B9E6}.Release|Any CPU.Build.0 = Release|Any CPU
		{5579C773-6F90-4B4D-8F7E-57D35F65258D}.Debug|Any CPU.ActiveCfg = Debug|Any CPU
		{5579C773-6F90-4B4D-8F7E-57D35F65258D}.Debug|Any CPU.Build.0 = Debug|Any CPU
		{5579C773-6F90-4B4D-8F7E-57D35F65258D}.Release|Any CPU.ActiveCfg = Release|Any CPU
		{5579C773-6F90-4B4D-8F7E-57D35F65258D}.Release|Any CPU.Build.0 = Release|Any CPU
		{293AA38C-6EF8-4848-878F-DF9C6306EB5C}.Debug|Any CPU.ActiveCfg = Debug|Any CPU
		{293AA38C-6EF8-4848-878F-DF9C6306EB5C}.Debug|Any CPU.Build.0 = Debug|Any CPU
		{293AA38C-6EF8-4848-878F-DF9C6306EB5C}.Release|Any CPU.ActiveCfg = Release|Any CPU
		{293AA38C-6EF8-4848-878F-DF9C6306EB5C}.Release|Any CPU.Build.0 = Release|Any CPU
		{B2374F42-4278-443D-BFF5-4C6149120774}.Debug|Any CPU.ActiveCfg = Debug|Any CPU
		{B2374F42-4278-443D-BFF5-4C6149120774}.Debug|Any CPU.Build.0 = Debug|Any CPU
		{B2374F42-4278-443D-BFF5-4C6149120774}.Release|Any CPU.ActiveCfg = Release|Any CPU
		{B2374F42-4278-443D-BFF5-4C6149120774}.Release|Any CPU.Build.0 = Release|Any CPU
	EndGlobalSection
	GlobalSection(SolutionProperties) = preSolution
		HideSolutionNode = FALSE
	EndGlobalSection
	GlobalSection(ExtensibilityGlobals) = postSolution
		SolutionGuid = {68624E7D-12BA-46CE-9961-A0CBCE8F3175}
	EndGlobalSection
EndGlobal
