
Microsoft Visual Studio Solution File, Format Version 12.00
# Visual Studio Version 17
VisualStudioVersion = 17.2.32616.157
MinimumVisualStudioVersion = 10.0.40219.1
Project("{FAE04EC0-301F-11D3-BF4B-00C04F79EFBC}") = "2022.11.25_CSharp", "2022.11.25_CSharp\2022.11.25_CSharp.csproj", "{82095DE2-1854-462E-8686-659634769392}"
EndProject
Project("{FAE04EC0-301F-11D3-BF4B-00C04F79EFBC}") = "P1", "P1\P1.csproj", "{2DAEA3FC-2BF0-4920-A12F-B9AA14E9C2D5}"
EndProject
Project("{FAE04EC0-301F-11D3-BF4B-00C04F79EFBC}") = "P2", "P2\P2.csproj", "{63A02D6A-4C03-431A-AF2E-3374ED723A5C}"
EndProject
Project("{FAE04EC0-301F-11D3-BF4B-00C04F79EFBC}") = "P3", "P3\P3.csproj", "{3C294DD8-79E9-4CA0-8C2C-ADF5BA8E18A1}"
EndProject
Project("{FAE04EC0-301F-11D3-BF4B-00C04F79EFBC}") = "P4", "P4\P4.csproj", "{499A6A78-9DD1-4797-AF25-6FBA31C47578}"
EndProject
Project("{FAE04EC0-301F-11D3-BF4B-00C04F79EFBC}") = "T1", "T1\T1.csproj", "{0480CB3F-5DD0-4AFB-B9FE-BF71731FDFA9}"
EndProject
Project("{FAE04EC0-301F-11D3-BF4B-00C04F79EFBC}") = "SolT1", "SolT1\SolT1.csproj", "{9F0D9347-85A2-49B7-ADB3-32700A9D9205}"
EndProject
Project("{FAE04EC0-301F-11D3-BF4B-00C04F79EFBC}") = "P5", "P5\P5.csproj", "{E14880E4-3BB2-4BA6-BAC3-C93D55E50AB2}"
EndProject
Project("{FAE04EC0-301F-11D3-BF4B-00C04F79EFBC}") = "T2", "T2\T2.csproj", "{A7198A0A-D40D-4F23-B4A8-1F07F35EBDDB}"
EndProject
Project("{FAE04EC0-301F-11D3-BF4B-00C04F79EFBC}") = "SolT2", "SolT2\SolT2.csproj", "{5726C201-8EB2-4437-BDB0-684E6C1A7D78}"
EndProject
Project("{FAE04EC0-301F-11D3-BF4B-00C04F79EFBC}") = "P6", "P6\P6.csproj", "{AC6990D4-4C5A-47A6-ADE4-080D9997CEE3}"
EndProject
Global
	GlobalSection(SolutionConfigurationPlatforms) = preSolution
		Debug|Any CPU = Debug|Any CPU
		Release|Any CPU = Release|Any CPU
	EndGlobalSection
	GlobalSection(ProjectConfigurationPlatforms) = postSolution
		{82095DE2-1854-462E-8686-659634769392}.Debug|Any CPU.ActiveCfg = Debug|Any CPU
		{82095DE2-1854-462E-8686-659634769392}.Debug|Any CPU.Build.0 = Debug|Any CPU
		{82095DE2-1854-462E-8686-659634769392}.Release|Any CPU.ActiveCfg = Release|Any CPU
		{82095DE2-1854-462E-8686-659634769392}.Release|Any CPU.Build.0 = Release|Any CPU
		{2DAEA3FC-2BF0-4920-A12F-B9AA14E9C2D5}.Debug|Any CPU.ActiveCfg = Debug|Any CPU
		{2DAEA3FC-2BF0-4920-A12F-B9AA14E9C2D5}.Debug|Any CPU.Build.0 = Debug|Any CPU
		{2DAEA3FC-2BF0-4920-A12F-B9AA14E9C2D5}.Release|Any CPU.ActiveCfg = Release|Any CPU
		{2DAEA3FC-2BF0-4920-A12F-B9AA14E9C2D5}.Release|Any CPU.Build.0 = Release|Any CPU
		{63A02D6A-4C03-431A-AF2E-3374ED723A5C}.Debug|Any CPU.ActiveCfg = Debug|Any CPU
		{63A02D6A-4C03-431A-AF2E-3374ED723A5C}.Debug|Any CPU.Build.0 = Debug|Any CPU
		{63A02D6A-4C03-431A-AF2E-3374ED723A5C}.Release|Any CPU.ActiveCfg = Release|Any CPU
		{63A02D6A-4C03-431A-AF2E-3374ED723A5C}.Release|Any CPU.Build.0 = Release|Any CPU
		{3C294DD8-79E9-4CA0-8C2C-ADF5BA8E18A1}.Debug|Any CPU.ActiveCfg = Debug|Any CPU
		{3C294DD8-79E9-4CA0-8C2C-ADF5BA8E18A1}.Debug|Any CPU.Build.0 = Debug|Any CPU
		{3C294DD8-79E9-4CA0-8C2C-ADF5BA8E18A1}.Release|Any CPU.ActiveCfg = Release|Any CPU
		{3C294DD8-79E9-4CA0-8C2C-ADF5BA8E18A1}.Release|Any CPU.Build.0 = Release|Any CPU
		{499A6A78-9DD1-4797-AF25-6FBA31C47578}.Debug|Any CPU.ActiveCfg = Debug|Any CPU
		{499A6A78-9DD1-4797-AF25-6FBA31C47578}.Debug|Any CPU.Build.0 = Debug|Any CPU
		{499A6A78-9DD1-4797-AF25-6FBA31C47578}.Release|Any CPU.ActiveCfg = Release|Any CPU
		{499A6A78-9DD1-4797-AF25-6FBA31C47578}.Release|Any CPU.Build.0 = Release|Any CPU
		{0480CB3F-5DD0-4AFB-B9FE-BF71731FDFA9}.Debug|Any CPU.ActiveCfg = Debug|Any CPU
		{0480CB3F-5DD0-4AFB-B9FE-BF71731FDFA9}.Debug|Any CPU.Build.0 = Debug|Any CPU
		{0480CB3F-5DD0-4AFB-B9FE-BF71731FDFA9}.Release|Any CPU.ActiveCfg = Release|Any CPU
		{0480CB3F-5DD0-4AFB-B9FE-BF71731FDFA9}.Release|Any CPU.Build.0 = Release|Any CPU
		{9F0D9347-85A2-49B7-ADB3-32700A9D9205}.Debug|Any CPU.ActiveCfg = Debug|Any CPU
		{9F0D9347-85A2-49B7-ADB3-32700A9D9205}.Debug|Any CPU.Build.0 = Debug|Any CPU
		{9F0D9347-85A2-49B7-ADB3-32700A9D9205}.Release|Any CPU.ActiveCfg = Release|Any CPU
		{9F0D9347-85A2-49B7-ADB3-32700A9D9205}.Release|Any CPU.Build.0 = Release|Any CPU
		{E14880E4-3BB2-4BA6-BAC3-C93D55E50AB2}.Debug|Any CPU.ActiveCfg = Debug|Any CPU
		{E14880E4-3BB2-4BA6-BAC3-C93D55E50AB2}.Debug|Any CPU.Build.0 = Debug|Any CPU
		{E14880E4-3BB2-4BA6-BAC3-C93D55E50AB2}.Release|Any CPU.ActiveCfg = Release|Any CPU
		{E14880E4-3BB2-4BA6-BAC3-C93D55E50AB2}.Release|Any CPU.Build.0 = Release|Any CPU
		{A7198A0A-D40D-4F23-B4A8-1F07F35EBDDB}.Debug|Any CPU.ActiveCfg = Debug|Any CPU
		{A7198A0A-D40D-4F23-B4A8-1F07F35EBDDB}.Debug|Any CPU.Build.0 = Debug|Any CPU
		{A7198A0A-D40D-4F23-B4A8-1F07F35EBDDB}.Release|Any CPU.ActiveCfg = Release|Any CPU
		{A7198A0A-D40D-4F23-B4A8-1F07F35EBDDB}.Release|Any CPU.Build.0 = Release|Any CPU
		{5726C201-8EB2-4437-BDB0-684E6C1A7D78}.Debug|Any CPU.ActiveCfg = Debug|Any CPU
		{5726C201-8EB2-4437-BDB0-684E6C1A7D78}.Debug|Any CPU.Build.0 = Debug|Any CPU
		{5726C201-8EB2-4437-BDB0-684E6C1A7D78}.Release|Any CPU.ActiveCfg = Release|Any CPU
		{5726C201-8EB2-4437-BDB0-684E6C1A7D78}.Release|Any CPU.Build.0 = Release|Any CPU
		{AC6990D4-4C5A-47A6-ADE4-080D9997CEE3}.Debug|Any CPU.ActiveCfg = Debug|Any CPU
		{AC6990D4-4C5A-47A6-ADE4-080D9997CEE3}.Debug|Any CPU.Build.0 = Debug|Any CPU
		{AC6990D4-4C5A-47A6-ADE4-080D9997CEE3}.Release|Any CPU.ActiveCfg = Release|Any CPU
		{AC6990D4-4C5A-47A6-ADE4-080D9997CEE3}.Release|Any CPU.Build.0 = Release|Any CPU
	EndGlobalSection
	GlobalSection(SolutionProperties) = preSolution
		HideSolutionNode = FALSE
	EndGlobalSection
	GlobalSection(ExtensibilityGlobals) = postSolution
		SolutionGuid = {432F26A7-8F0C-4181-9AB7-B1863D269B17}
	EndGlobalSection
EndGlobal
