
Microsoft Visual Studio Solution File, Format Version 12.00
# Visual Studio Version 17
VisualStudioVersion = 17.2.32616.157
MinimumVisualStudioVersion = 10.0.40219.1
Project("{FAE04EC0-301F-11D3-BF4B-00C04F79EFBC}") = "Flat Login", "Flat Login\Flat Login.csproj", "{5CB84B0C-C3DB-4AED-A6EE-F00A2DDD928B}"
EndProject
Global
	GlobalSection(SolutionConfigurationPlatforms) = preSolution
		Debug|Any CPU = Debug|Any CPU
		Release|Any CPU = Release|Any CPU
	EndGlobalSection
	GlobalSection(ProjectConfigurationPlatforms) = postSolution
		{5CB84B0C-C3DB-4AED-A6EE-F00A2DDD928B}.Debug|Any CPU.ActiveCfg = Debug|Any CPU
		{5CB84B0C-C3DB-4AED-A6EE-F00A2DDD928B}.Debug|Any CPU.Build.0 = Debug|Any CPU
		{5CB84B0C-C3DB-4AED-A6EE-F00A2DDD928B}.Release|Any CPU.ActiveCfg = Release|Any CPU
		{5CB84B0C-C3DB-4AED-A6EE-F00A2DDD928B}.Release|Any CPU.Build.0 = Release|Any CPU
	EndGlobalSection
	GlobalSection(SolutionProperties) = preSolution
		HideSolutionNode = FALSE
	EndGlobalSection
	GlobalSection(ExtensibilityGlobals) = postSolution
		SolutionGuid = {243FB466-195B-4C03-B60B-BB76AFACD0DD}
	EndGlobalSection
EndGlobal
