
Microsoft Visual Studio Solution File, Format Version 12.00
# Visual Studio Version 17
VisualStudioVersion = 17.2.32616.157
MinimumVisualStudioVersion = 10.0.40219.1
Project("{FAE04EC0-301F-11D3-BF4B-00C04F79EFBC}") = "2022.11.14_CSharp", "2022.11.14_CSharp\2022.11.14_CSharp.csproj", "{9CFBDE74-5BE0-4C6C-8B5D-B0A71C406DA6}"
EndProject
Project("{FAE04EC0-301F-11D3-BF4B-00C04F79EFBC}") = "2022.11.14_P1", "2022.11.14_P1\2022.11.14_P1.csproj", "{D8AF2DBF-5EF9-4241-965E-DF604000FB6F}"
EndProject
Project("{FAE04EC0-301F-11D3-BF4B-00C04F79EFBC}") = "2022.11.14_P2", "2022.11.14_P2\2022.11.14_P2.csproj", "{9D06C2A6-4C9A-40C2-BD5B-165F4F5426DB}"
EndProject
Project("{FAE04EC0-301F-11D3-BF4B-00C04F79EFBC}") = "T2", "T2\T2.csproj", "{AACA1394-3AB8-41E2-A284-DBF55D20E76F}"
EndProject
Project("{FAE04EC0-301F-11D3-BF4B-00C04F79EFBC}") = "SolT2", "SolT2\SolT2.csproj", "{ECA43250-2332-4C15-9E20-2F975A855676}"
EndProject
Project("{FAE04EC0-301F-11D3-BF4B-00C04F79EFBC}") = "P3", "P3\P3.csproj", "{500BC5A9-49AB-4316-A514-3088B4D77A13}"
EndProject
Project("{FAE04EC0-301F-11D3-BF4B-00C04F79EFBC}") = "T3", "T3\T3.csproj", "{08918E7B-9C30-47DD-A7D5-A57912059AB0}"
EndProject
Project("{FAE04EC0-301F-11D3-BF4B-00C04F79EFBC}") = "SolT3", "SolT3\SolT3.csproj", "{51958955-D187-4013-83AB-015BDCCDC2A3}"
EndProject
Project("{FAE04EC0-301F-11D3-BF4B-00C04F79EFBC}") = "P4", "P4\P4.csproj", "{8351BCC0-F8A2-4A05-91B9-E5CB70F7C546}"
EndProject
Project("{FAE04EC0-301F-11D3-BF4B-00C04F79EFBC}") = "T4", "T4\T4.csproj", "{463C204E-C996-4CAA-9805-EDEEE318CE80}"
EndProject
Project("{FAE04EC0-301F-11D3-BF4B-00C04F79EFBC}") = "SolT4", "SolT4\SolT4.csproj", "{B11376C4-E5DC-4356-ACE1-22AFC08EA778}"
EndProject
Project("{FAE04EC0-301F-11D3-BF4B-00C04F79EFBC}") = "P5", "P5\P5.csproj", "{73087596-22E5-4717-A0D1-4FB8282D219B}"
EndProject
Project("{FAE04EC0-301F-11D3-BF4B-00C04F79EFBC}") = "T5", "T5\T5.csproj", "{519B53A9-1167-40B0-8A53-B756CEE1893E}"
EndProject
Project("{FAE04EC0-301F-11D3-BF4B-00C04F79EFBC}") = "SolT5", "SolT5\SolT5.csproj", "{1E4B5F62-0BA2-4437-8250-180ABB5C9144}"
EndProject
Project("{FAE04EC0-301F-11D3-BF4B-00C04F79EFBC}") = "P6", "P6\P6.csproj", "{7939F4CA-A7D4-4858-AB5F-D2ADC3A39F0C}"
EndProject
Project("{FAE04EC0-301F-11D3-BF4B-00C04F79EFBC}") = "T6", "T6\T6.csproj", "{1C8CBC34-ABE0-449E-BB1E-5E3B19FFBB8C}"
EndProject
Project("{FAE04EC0-301F-11D3-BF4B-00C04F79EFBC}") = "SolT6", "SolT6\SolT6.csproj", "{40C44231-561F-4DB9-9859-5E1DE1220233}"
EndProject
Global
	GlobalSection(SolutionConfigurationPlatforms) = preSolution
		Debug|Any CPU = Debug|Any CPU
		Release|Any CPU = Release|Any CPU
	EndGlobalSection
	GlobalSection(ProjectConfigurationPlatforms) = postSolution
		{9CFBDE74-5BE0-4C6C-8B5D-B0A71C406DA6}.Debug|Any CPU.ActiveCfg = Debug|Any CPU
		{9CFBDE74-5BE0-4C6C-8B5D-B0A71C406DA6}.Debug|Any CPU.Build.0 = Debug|Any CPU
		{9CFBDE74-5BE0-4C6C-8B5D-B0A71C406DA6}.Release|Any CPU.ActiveCfg = Release|Any CPU
		{9CFBDE74-5BE0-4C6C-8B5D-B0A71C406DA6}.Release|Any CPU.Build.0 = Release|Any CPU
		{D8AF2DBF-5EF9-4241-965E-DF604000FB6F}.Debug|Any CPU.ActiveCfg = Debug|Any CPU
		{D8AF2DBF-5EF9-4241-965E-DF604000FB6F}.Debug|Any CPU.Build.0 = Debug|Any CPU
		{D8AF2DBF-5EF9-4241-965E-DF604000FB6F}.Release|Any CPU.ActiveCfg = Release|Any CPU
		{D8AF2DBF-5EF9-4241-965E-DF604000FB6F}.Release|Any CPU.Build.0 = Release|Any CPU
		{9D06C2A6-4C9A-40C2-BD5B-165F4F5426DB}.Debug|Any CPU.ActiveCfg = Debug|Any CPU
		{9D06C2A6-4C9A-40C2-BD5B-165F4F5426DB}.Debug|Any CPU.Build.0 = Debug|Any CPU
		{9D06C2A6-4C9A-40C2-BD5B-165F4F5426DB}.Release|Any CPU.ActiveCfg = Release|Any CPU
		{9D06C2A6-4C9A-40C2-BD5B-165F4F5426DB}.Release|Any CPU.Build.0 = Release|Any CPU
		{AACA1394-3AB8-41E2-A284-DBF55D20E76F}.Debug|Any CPU.ActiveCfg = Debug|Any CPU
		{AACA1394-3AB8-41E2-A284-DBF55D20E76F}.Debug|Any CPU.Build.0 = Debug|Any CPU
		{AACA1394-3AB8-41E2-A284-DBF55D20E76F}.Release|Any CPU.ActiveCfg = Release|Any CPU
		{AACA1394-3AB8-41E2-A284-DBF55D20E76F}.Release|Any CPU.Build.0 = Release|Any CPU
		{ECA43250-2332-4C15-9E20-2F975A855676}.Debug|Any CPU.ActiveCfg = Debug|Any CPU
		{ECA43250-2332-4C15-9E20-2F975A855676}.Debug|Any CPU.Build.0 = Debug|Any CPU
		{ECA43250-2332-4C15-9E20-2F975A855676}.Release|Any CPU.ActiveCfg = Release|Any CPU
		{ECA43250-2332-4C15-9E20-2F975A855676}.Release|Any CPU.Build.0 = Release|Any CPU
		{500BC5A9-49AB-4316-A514-3088B4D77A13}.Debug|Any CPU.ActiveCfg = Debug|Any CPU
		{500BC5A9-49AB-4316-A514-3088B4D77A13}.Debug|Any CPU.Build.0 = Debug|Any CPU
		{500BC5A9-49AB-4316-A514-3088B4D77A13}.Release|Any CPU.ActiveCfg = Release|Any CPU
		{500BC5A9-49AB-4316-A514-3088B4D77A13}.Release|Any CPU.Build.0 = Release|Any CPU
		{08918E7B-9C30-47DD-A7D5-A57912059AB0}.Debug|Any CPU.ActiveCfg = Debug|Any CPU
		{08918E7B-9C30-47DD-A7D5-A57912059AB0}.Debug|Any CPU.Build.0 = Debug|Any CPU
		{08918E7B-9C30-47DD-A7D5-A57912059AB0}.Release|Any CPU.ActiveCfg = Release|Any CPU
		{08918E7B-9C30-47DD-A7D5-A57912059AB0}.Release|Any CPU.Build.0 = Release|Any CPU
		{51958955-D187-4013-83AB-015BDCCDC2A3}.Debug|Any CPU.ActiveCfg = Debug|Any CPU
		{51958955-D187-4013-83AB-015BDCCDC2A3}.Debug|Any CPU.Build.0 = Debug|Any CPU
		{51958955-D187-4013-83AB-015BDCCDC2A3}.Release|Any CPU.ActiveCfg = Release|Any CPU
		{51958955-D187-4013-83AB-015BDCCDC2A3}.Release|Any CPU.Build.0 = Release|Any CPU
		{8351BCC0-F8A2-4A05-91B9-E5CB70F7C546}.Debug|Any CPU.ActiveCfg = Debug|Any CPU
		{8351BCC0-F8A2-4A05-91B9-E5CB70F7C546}.Debug|Any CPU.Build.0 = Debug|Any CPU
		{8351BCC0-F8A2-4A05-91B9-E5CB70F7C546}.Release|Any CPU.ActiveCfg = Release|Any CPU
		{8351BCC0-F8A2-4A05-91B9-E5CB70F7C546}.Release|Any CPU.Build.0 = Release|Any CPU
		{463C204E-C996-4CAA-9805-EDEEE318CE80}.Debug|Any CPU.ActiveCfg = Debug|Any CPU
		{463C204E-C996-4CAA-9805-EDEEE318CE80}.Debug|Any CPU.Build.0 = Debug|Any CPU
		{463C204E-C996-4CAA-9805-EDEEE318CE80}.Release|Any CPU.ActiveCfg = Release|Any CPU
		{463C204E-C996-4CAA-9805-EDEEE318CE80}.Release|Any CPU.Build.0 = Release|Any CPU
		{B11376C4-E5DC-4356-ACE1-22AFC08EA778}.Debug|Any CPU.ActiveCfg = Debug|Any CPU
		{B11376C4-E5DC-4356-ACE1-22AFC08EA778}.Debug|Any CPU.Build.0 = Debug|Any CPU
		{B11376C4-E5DC-4356-ACE1-22AFC08EA778}.Release|Any CPU.ActiveCfg = Release|Any CPU
		{B11376C4-E5DC-4356-ACE1-22AFC08EA778}.Release|Any CPU.Build.0 = Release|Any CPU
		{73087596-22E5-4717-A0D1-4FB8282D219B}.Debug|Any CPU.ActiveCfg = Debug|Any CPU
		{73087596-22E5-4717-A0D1-4FB8282D219B}.Debug|Any CPU.Build.0 = Debug|Any CPU
		{73087596-22E5-4717-A0D1-4FB8282D219B}.Release|Any CPU.ActiveCfg = Release|Any CPU
		{73087596-22E5-4717-A0D1-4FB8282D219B}.Release|Any CPU.Build.0 = Release|Any CPU
		{519B53A9-1167-40B0-8A53-B756CEE1893E}.Debug|Any CPU.ActiveCfg = Debug|Any CPU
		{519B53A9-1167-40B0-8A53-B756CEE1893E}.Debug|Any CPU.Build.0 = Debug|Any CPU
		{519B53A9-1167-40B0-8A53-B756CEE1893E}.Release|Any CPU.ActiveCfg = Release|Any CPU
		{519B53A9-1167-40B0-8A53-B756CEE1893E}.Release|Any CPU.Build.0 = Release|Any CPU
		{1E4B5F62-0BA2-4437-8250-180ABB5C9144}.Debug|Any CPU.ActiveCfg = Debug|Any CPU
		{1E4B5F62-0BA2-4437-8250-180ABB5C9144}.Debug|Any CPU.Build.0 = Debug|Any CPU
		{1E4B5F62-0BA2-4437-8250-180ABB5C9144}.Release|Any CPU.ActiveCfg = Release|Any CPU
		{1E4B5F62-0BA2-4437-8250-180ABB5C9144}.Release|Any CPU.Build.0 = Release|Any CPU
		{7939F4CA-A7D4-4858-AB5F-D2ADC3A39F0C}.Debug|Any CPU.ActiveCfg = Debug|Any CPU
		{7939F4CA-A7D4-4858-AB5F-D2ADC3A39F0C}.Debug|Any CPU.Build.0 = Debug|Any CPU
		{7939F4CA-A7D4-4858-AB5F-D2ADC3A39F0C}.Release|Any CPU.ActiveCfg = Release|Any CPU
		{7939F4CA-A7D4-4858-AB5F-D2ADC3A39F0C}.Release|Any CPU.Build.0 = Release|Any CPU
		{1C8CBC34-ABE0-449E-BB1E-5E3B19FFBB8C}.Debug|Any CPU.ActiveCfg = Debug|Any CPU
		{1C8CBC34-ABE0-449E-BB1E-5E3B19FFBB8C}.Debug|Any CPU.Build.0 = Debug|Any CPU
		{1C8CBC34-ABE0-449E-BB1E-5E3B19FFBB8C}.Release|Any CPU.ActiveCfg = Release|Any CPU
		{1C8CBC34-ABE0-449E-BB1E-5E3B19FFBB8C}.Release|Any CPU.Build.0 = Release|Any CPU
		{40C44231-561F-4DB9-9859-5E1DE1220233}.Debug|Any CPU.ActiveCfg = Debug|Any CPU
		{40C44231-561F-4DB9-9859-5E1DE1220233}.Debug|Any CPU.Build.0 = Debug|Any CPU
		{40C44231-561F-4DB9-9859-5E1DE1220233}.Release|Any CPU.ActiveCfg = Release|Any CPU
		{40C44231-561F-4DB9-9859-5E1DE1220233}.Release|Any CPU.Build.0 = Release|Any CPU
	EndGlobalSection
	GlobalSection(SolutionProperties) = preSolution
		HideSolutionNode = FALSE
	EndGlobalSection
	GlobalSection(ExtensibilityGlobals) = postSolution
		SolutionGuid = {1C2C7B60-34C0-4C5A-9F77-8EF6205836EF}
	EndGlobalSection
EndGlobal
