
Microsoft Visual Studio Solution File, Format Version 12.00
# Visual Studio Version 17
VisualStudioVersion = 17.2.32616.157
MinimumVisualStudioVersion = 10.0.40219.1
Project("{8BC9CEB8-8B4A-11D0-8D11-00A0C91BC942}") = "20220725", "20220725\20220725.vcxproj", "{69279317-D49C-40A8-8A8D-9DCEB94B8DC9}"
EndProject
Global
	GlobalSection(SolutionConfigurationPlatforms) = preSolution
		Debug|x64 = Debug|x64
		Debug|x86 = Debug|x86
		Release|x64 = Release|x64
		Release|x86 = Release|x86
	EndGlobalSection
	GlobalSection(ProjectConfigurationPlatforms) = postSolution
		{69279317-D49C-40A8-8A8D-9DCEB94B8DC9}.Debug|x64.ActiveCfg = Debug|x64
		{69279317-D49C-40A8-8A8D-9DCEB94B8DC9}.Debug|x64.Build.0 = Debug|x64
		{69279317-D49C-40A8-8A8D-9DCEB94B8DC9}.Debug|x86.ActiveCfg = Debug|Win32
		{69279317-D49C-40A8-8A8D-9DCEB94B8DC9}.Debug|x86.Build.0 = Debug|Win32
		{69279317-D49C-40A8-8A8D-9DCEB94B8DC9}.Release|x64.ActiveCfg = Release|x64
		{69279317-D49C-40A8-8A8D-9DCEB94B8DC9}.Release|x64.Build.0 = Release|x64
		{69279317-D49C-40A8-8A8D-9DCEB94B8DC9}.Release|x86.ActiveCfg = Release|Win32
		{69279317-D49C-40A8-8A8D-9DCEB94B8DC9}.Release|x86.Build.0 = Release|Win32
	EndGlobalSection
	GlobalSection(SolutionProperties) = preSolution
		HideSolutionNode = FALSE
	EndGlobalSection
	GlobalSection(ExtensibilityGlobals) = postSolution
		SolutionGuid = {9CD18294-78E9-4CF1-825A-2923D0CB368B}
	EndGlobalSection
EndGlobal
